
Microsoft Visual Studio Solution File, Format Version 12.00
# Visual Studio Version 17
VisualStudioVersion = 17.9.34723.18
MinimumVisualStudioVersion = 10.0.40219.1
Project("{FAE04EC0-301F-11D3-BF4B-00C04F79EFBC}") = "JogoDaMemoria", "JogoDaMemoria.csproj", "{81AD1013-4E3A-48E2-B7E0-A6F9CA167F0F}"
EndProject
Global
	GlobalSection(SolutionConfigurationPlatforms) = preSolution
		Debug|Any CPU = Debug|Any CPU
		Release|Any CPU = Release|Any CPU
	EndGlobalSection
	GlobalSection(ProjectConfigurationPlatforms) = postSolution
		{81AD1013-4E3A-48E2-B7E0-A6F9CA167F0F}.Debug|Any CPU.ActiveCfg = Debug|Any CPU
		{81AD1013-4E3A-48E2-B7E0-A6F9CA167F0F}.Debug|Any CPU.Build.0 = Debug|Any CPU
		{81AD1013-4E3A-48E2-B7E0-A6F9CA167F0F}.Release|Any CPU.ActiveCfg = Release|Any CPU
		{81AD1013-4E3A-48E2-B7E0-A6F9CA167F0F}.Release|Any CPU.Build.0 = Release|Any CPU
	EndGlobalSection
	GlobalSection(SolutionProperties) = preSolution
		HideSolutionNode = FALSE
	EndGlobalSection
	GlobalSection(ExtensibilityGlobals) = postSolution
		SolutionGuid = {D45303AF-1285-4A98-A412-371DA9701F8E}
	EndGlobalSection
EndGlobal
